
Microsoft Visual Studio Solution File, Format Version 12.00
# Visual Studio Version 17
VisualStudioVersion = 17.9.34728.123
MinimumVisualStudioVersion = 10.0.40219.1
Project("{FAE04EC0-301F-11D3-BF4B-00C04F79EFBC}") = "Cursach", "Cursach\Cursach.csproj", "{C9346C16-1125-4B94-87F7-91642E379B8B}"
EndProject
Global
	GlobalSection(SolutionConfigurationPlatforms) = preSolution
		Debug|Any CPU = Debug|Any CPU
		Release|Any CPU = Release|Any CPU
	EndGlobalSection
	GlobalSection(ProjectConfigurationPlatforms) = postSolution
		{C9346C16-1125-4B94-87F7-91642E379B8B}.Debug|Any CPU.ActiveCfg = Debug|Any CPU
		{C9346C16-1125-4B94-87F7-91642E379B8B}.Debug|Any CPU.Build.0 = Debug|Any CPU
		{C9346C16-1125-4B94-87F7-91642E379B8B}.Release|Any CPU.ActiveCfg = Release|Any CPU
		{C9346C16-1125-4B94-87F7-91642E379B8B}.Release|Any CPU.Build.0 = Release|Any CPU
	EndGlobalSection
	GlobalSection(SolutionProperties) = preSolution
		HideSolutionNode = FALSE
	EndGlobalSection
	GlobalSection(ExtensibilityGlobals) = postSolution
		SolutionGuid = {AAB05052-2D0F-413C-B1C9-4EE2E53123D8}
	EndGlobalSection
EndGlobal
